
Microsoft Visual Studio Solution File, Format Version 12.00
# Visual Studio Version 16
VisualStudioVersion = 16.0.30309.148
MinimumVisualStudioVersion = 10.0.40219.1
Project("{FAE04EC0-301F-11D3-BF4B-00C04F79EFBC}") = "ProjektWWW1", "ProjektWWW1\ProjektWWW1.csproj", "{4D6F522D-070E-4532-B7BD-F59B8ABFB866}"
EndProject
Global
	GlobalSection(SolutionConfigurationPlatforms) = preSolution
		Debug|Any CPU = Debug|Any CPU
		Release|Any CPU = Release|Any CPU
	EndGlobalSection
	GlobalSection(ProjectConfigurationPlatforms) = postSolution
		{4D6F522D-070E-4532-B7BD-F59B8ABFB866}.Debug|Any CPU.ActiveCfg = Debug|Any CPU
		{4D6F522D-070E-4532-B7BD-F59B8ABFB866}.Debug|Any CPU.Build.0 = Debug|Any CPU
		{4D6F522D-070E-4532-B7BD-F59B8ABFB866}.Release|Any CPU.ActiveCfg = Release|Any CPU
		{4D6F522D-070E-4532-B7BD-F59B8ABFB866}.Release|Any CPU.Build.0 = Release|Any CPU
	EndGlobalSection
	GlobalSection(SolutionProperties) = preSolution
		HideSolutionNode = FALSE
	EndGlobalSection
	GlobalSection(ExtensibilityGlobals) = postSolution
		SolutionGuid = {8C419D8D-8937-4575-B345-0D3F2DA81EDA}
	EndGlobalSection
EndGlobal
